
Microsoft Visual Studio Solution File, Format Version 12.00
# Visual Studio Version 16
VisualStudioVersion = 16.0.30223.230
MinimumVisualStudioVersion = 10.0.40219.1
Project("{9A19103F-16F7-4668-BE54-9A1E7A4F7556}") = "JsonPathExpressions", "JsonPathExpressions\JsonPathExpressions.csproj", "{B7CF3274-9877-4F1D-B43F-5525232346A9}"
EndProject
Project("{9A19103F-16F7-4668-BE54-9A1E7A4F7556}") = "JsonPathExpressions.Tests", "JsonPathExpressions.Tests\JsonPathExpressions.Tests.csproj", "{B9ED7D58-D487-4893-8F82-837B727CD6F0}"
EndProject
Project("{2150E333-8FDC-42A3-9474-1A3956D46DE8}") = "Solution Items", "Solution Items", "{714D9BFA-3EDF-4CDC-AA42-ED68DEFE3F40}"
	ProjectSection(SolutionItems) = preProject
		.editorconfig = .editorconfig
	EndProjectSection
EndProject
Global
	GlobalSection(SolutionConfigurationPlatforms) = preSolution
		Debug|Any CPU = Debug|Any CPU
		Release|Any CPU = Release|Any CPU
	EndGlobalSection
	GlobalSection(ProjectConfigurationPlatforms) = postSolution
		{B7CF3274-9877-4F1D-B43F-5525232346A9}.Debug|Any CPU.ActiveCfg = Debug|Any CPU
		{B7CF3274-9877-4F1D-B43F-5525232346A9}.Debug|Any CPU.Build.0 = Debug|Any CPU
		{B7CF3274-9877-4F1D-B43F-5525232346A9}.Release|Any CPU.ActiveCfg = Release|Any CPU
		{B7CF3274-9877-4F1D-B43F-5525232346A9}.Release|Any CPU.Build.0 = Release|Any CPU
		{B9ED7D58-D487-4893-8F82-837B727CD6F0}.Debug|Any CPU.ActiveCfg = Debug|Any CPU
		{B9ED7D58-D487-4893-8F82-837B727CD6F0}.Debug|Any CPU.Build.0 = Debug|Any CPU
		{B9ED7D58-D487-4893-8F82-837B727CD6F0}.Release|Any CPU.ActiveCfg = Release|Any CPU
		{B9ED7D58-D487-4893-8F82-837B727CD6F0}.Release|Any CPU.Build.0 = Release|Any CPU
	EndGlobalSection
	GlobalSection(SolutionProperties) = preSolution
		HideSolutionNode = FALSE
	EndGlobalSection
	GlobalSection(ExtensibilityGlobals) = postSolution
		SolutionGuid = {AA405DC0-D0FB-468F-849D-C592A4A84A26}
	EndGlobalSection
EndGlobal
